
Microsoft Visual Studio Solution File, Format Version 12.00
# Visual Studio Version 17
VisualStudioVersion = 17.8.34330.188
MinimumVisualStudioVersion = 10.0.40219.1
Project("{9A19103F-16F7-4668-BE54-9A1E7A4F7556}") = "DashboardDemo", "DashboardDemo.csproj", "{7A1B5E34-0A42-48D3-AB6B-36FF39451FCE}"
EndProject
Global
	GlobalSection(SolutionConfigurationPlatforms) = preSolution
		Debug|Any CPU = Debug|Any CPU
		Release|Any CPU = Release|Any CPU
	EndGlobalSection
	GlobalSection(ProjectConfigurationPlatforms) = postSolution
		{7A1B5E34-0A42-48D3-AB6B-36FF39451FCE}.Debug|Any CPU.ActiveCfg = Debug|Any CPU
		{7A1B5E34-0A42-48D3-AB6B-36FF39451FCE}.Debug|Any CPU.Build.0 = Debug|Any CPU
		{7A1B5E34-0A42-48D3-AB6B-36FF39451FCE}.Release|Any CPU.ActiveCfg = Release|Any CPU
		{7A1B5E34-0A42-48D3-AB6B-36FF39451FCE}.Release|Any CPU.Build.0 = Release|Any CPU
	EndGlobalSection
	GlobalSection(SolutionProperties) = preSolution
		HideSolutionNode = FALSE
	EndGlobalSection
	GlobalSection(ExtensibilityGlobals) = postSolution
		SolutionGuid = {D290B7E0-53FE-4985-B9AF-FB5CC4E13F5C}
	EndGlobalSection
EndGlobal
